
Microsoft Visual Studio Solution File, Format Version 12.00
# Visual Studio Version 17
VisualStudioVersion = 17.11.35312.102
MinimumVisualStudioVersion = 10.0.40219.1
Project("{2150E333-8FDC-42A3-9474-1A3956D46DE8}") = "TestConsumers", "TestConsumers", "{14CFF225-F36A-4E11-A6A7-A2145FD7FA93}"
EndProject
Project("{9A19103F-16F7-4668-BE54-9A1E7A4F7556}") = "Indubit.FlexTaskScheduler.Models", "Indubit.FlexTaskScheduler.Models\Indubit.FlexTaskScheduler.Models.csproj", "{BC5A3CB0-96BE-4117-92A5-2DEA588CEF5B}"
EndProject
Project("{9A19103F-16F7-4668-BE54-9A1E7A4F7556}") = "Indubit.FlexTaskScheduler.Data", "Indubit.FlexTaskScheduler.Data\Indubit.FlexTaskScheduler.Data.csproj", "{3C8627AE-6A7C-466D-9577-72B989E926DD}"
EndProject
Project("{9A19103F-16F7-4668-BE54-9A1E7A4F7556}") = "Indubit.FlexTaskScheduler.TaskDispatcher", "Indubit.FlexTaskScheduler.TaskDisptacher\Indubit.FlexTaskScheduler.TaskDispatcher.csproj", "{4FA567A1-12BF-4E9C-A928-0BD649DF863B}"
EndProject
Project("{9A19103F-16F7-4668-BE54-9A1E7A4F7556}") = "Indubit.KubernetesTaskConsumer", "Indubit.KubernetesTaskConsumer\Indubit.KubernetesTaskConsumer.csproj", "{9A91518C-AF51-4F95-BEF5-83A4161243F8}"
EndProject
Project("{9A19103F-16F7-4668-BE54-9A1E7A4F7556}") = "Indubit.StockDataConsumer", "Indubit.StockDataConsumer\Indubit.StockDataConsumer.csproj", "{8947A468-ABBA-483E-857B-872C0474B56C}"
EndProject
Global
	GlobalSection(SolutionConfigurationPlatforms) = preSolution
		Debug|Any CPU = Debug|Any CPU
		Release|Any CPU = Release|Any CPU
	EndGlobalSection
	GlobalSection(ProjectConfigurationPlatforms) = postSolution
		{BC5A3CB0-96BE-4117-92A5-2DEA588CEF5B}.Debug|Any CPU.ActiveCfg = Debug|Any CPU
		{BC5A3CB0-96BE-4117-92A5-2DEA588CEF5B}.Debug|Any CPU.Build.0 = Debug|Any CPU
		{BC5A3CB0-96BE-4117-92A5-2DEA588CEF5B}.Release|Any CPU.ActiveCfg = Release|Any CPU
		{BC5A3CB0-96BE-4117-92A5-2DEA588CEF5B}.Release|Any CPU.Build.0 = Release|Any CPU
		{3C8627AE-6A7C-466D-9577-72B989E926DD}.Debug|Any CPU.ActiveCfg = Debug|Any CPU
		{3C8627AE-6A7C-466D-9577-72B989E926DD}.Debug|Any CPU.Build.0 = Debug|Any CPU
		{3C8627AE-6A7C-466D-9577-72B989E926DD}.Release|Any CPU.ActiveCfg = Release|Any CPU
		{3C8627AE-6A7C-466D-9577-72B989E926DD}.Release|Any CPU.Build.0 = Release|Any CPU
		{4FA567A1-12BF-4E9C-A928-0BD649DF863B}.Debug|Any CPU.ActiveCfg = Debug|Any CPU
		{4FA567A1-12BF-4E9C-A928-0BD649DF863B}.Debug|Any CPU.Build.0 = Debug|Any CPU
		{4FA567A1-12BF-4E9C-A928-0BD649DF863B}.Release|Any CPU.ActiveCfg = Release|Any CPU
		{4FA567A1-12BF-4E9C-A928-0BD649DF863B}.Release|Any CPU.Build.0 = Release|Any CPU
		{9A91518C-AF51-4F95-BEF5-83A4161243F8}.Debug|Any CPU.ActiveCfg = Debug|Any CPU
		{9A91518C-AF51-4F95-BEF5-83A4161243F8}.Debug|Any CPU.Build.0 = Debug|Any CPU
		{9A91518C-AF51-4F95-BEF5-83A4161243F8}.Release|Any CPU.ActiveCfg = Release|Any CPU
		{9A91518C-AF51-4F95-BEF5-83A4161243F8}.Release|Any CPU.Build.0 = Release|Any CPU
		{8947A468-ABBA-483E-857B-872C0474B56C}.Debug|Any CPU.ActiveCfg = Debug|Any CPU
		{8947A468-ABBA-483E-857B-872C0474B56C}.Debug|Any CPU.Build.0 = Debug|Any CPU
		{8947A468-ABBA-483E-857B-872C0474B56C}.Release|Any CPU.ActiveCfg = Release|Any CPU
		{8947A468-ABBA-483E-857B-872C0474B56C}.Release|Any CPU.Build.0 = Release|Any CPU
	EndGlobalSection
	GlobalSection(SolutionProperties) = preSolution
		HideSolutionNode = FALSE
	EndGlobalSection
	GlobalSection(NestedProjects) = preSolution
		{9A91518C-AF51-4F95-BEF5-83A4161243F8} = {14CFF225-F36A-4E11-A6A7-A2145FD7FA93}
		{8947A468-ABBA-483E-857B-872C0474B56C} = {14CFF225-F36A-4E11-A6A7-A2145FD7FA93}
	EndGlobalSection
	GlobalSection(ExtensibilityGlobals) = postSolution
		SolutionGuid = {2EF251CB-C3EF-47FB-BBFA-07E7359A0FEC}
	EndGlobalSection
EndGlobal
